// !$*UTF8*$!
{
	archiveVersion = 1;
	classes = {
	};
	objectVersion = 56;
	objects = {

/* Begin PBXBuildFile section */
		DE2F84F62C1720380046FC79 /* ToDoListApp.swift in Sources */ = {isa = PBXBuildFile; fileRef = DE2F84F52C1720380046FC79 /* ToDoListApp.swift */; };
		DE2F84F82C1720380046FC79 /* ContentView.swift in Sources */ = {isa = PBXBuildFile; fileRef = DE2F84F72C1720380046FC79 /* ContentView.swift */; };
		DE2F84FA2C1720390046FC79 /* Assets.xcassets in Resources */ = {isa = PBXBuildFile; fileRef = DE2F84F92C1720390046FC79 /* Assets.xcassets */; };
		DE2F84FD2C1720390046FC79 /* Preview Assets.xcassets in Resources */ = {isa = PBXBuildFile; fileRef = DE2F84FC2C1720390046FC79 /* Preview Assets.xcassets */; };
		DE2F85082C173A640046FC79 /* FirebaseAuth in Frameworks */ = {isa = PBXBuildFile; productRef = DE2F85072C173A640046FC79 /* FirebaseAuth */; };
		DE2F850A2C173A640046FC79 /* FirebaseFirestore in Frameworks */ = {isa = PBXBuildFile; productRef = DE2F85092C173A640046FC79 /* FirebaseFirestore */; };
		DE2F850C2C173A640046FC79 /* FirebaseFirestoreSwift in Frameworks */ = {isa = PBXBuildFile; productRef = DE2F850B2C173A640046FC79 /* FirebaseFirestoreSwift */; };
		DE2F850E2C173D620046FC79 /* GoogleService-Info.plist in Resources */ = {isa = PBXBuildFile; fileRef = DE2F850D2C173D620046FC79 /* GoogleService-Info.plist */; };
		DE2F85102C1833120046FC79 /* ProfileView.swift in Sources */ = {isa = PBXBuildFile; fileRef = DE2F850F2C1833120046FC79 /* ProfileView.swift */; };
		DE2F85122C1834140046FC79 /* ToDoListItemView.swift in Sources */ = {isa = PBXBuildFile; fileRef = DE2F85112C1834140046FC79 /* ToDoListItemView.swift */; };
		DE2F85142C18343D0046FC79 /* NewItemView.swift in Sources */ = {isa = PBXBuildFile; fileRef = DE2F85132C18343D0046FC79 /* NewItemView.swift */; };
		DE2F85162C1834530046FC79 /* LoginView.swift in Sources */ = {isa = PBXBuildFile; fileRef = DE2F85152C1834530046FC79 /* LoginView.swift */; };
		DE2F85182C1834690046FC79 /* RegisterView.swift in Sources */ = {isa = PBXBuildFile; fileRef = DE2F85172C1834690046FC79 /* RegisterView.swift */; };
		DE2F851A2C18373F0046FC79 /* ToDoListView.swift in Sources */ = {isa = PBXBuildFile; fileRef = DE2F85192C18373F0046FC79 /* ToDoListView.swift */; };
		DE2F851D2C18383B0046FC79 /* User.swift in Sources */ = {isa = PBXBuildFile; fileRef = DE2F851C2C18383B0046FC79 /* User.swift */; };
		DE2F851F2C1838720046FC79 /* ToDoListItem.swift in Sources */ = {isa = PBXBuildFile; fileRef = DE2F851E2C1838720046FC79 /* ToDoListItem.swift */; };
		DE2F85212C1838A90046FC79 /* ContentViewViewModel.swift in Sources */ = {isa = PBXBuildFile; fileRef = DE2F85202C1838A90046FC79 /* ContentViewViewModel.swift */; };
		DE2F85232C1838BE0046FC79 /* ProfileViewViewModel.swift in Sources */ = {isa = PBXBuildFile; fileRef = DE2F85222C1838BE0046FC79 /* ProfileViewViewModel.swift */; };
		DE2F85252C1838DD0046FC79 /* ToDoListViewViewModel.swift in Sources */ = {isa = PBXBuildFile; fileRef = DE2F85242C1838DD0046FC79 /* ToDoListViewViewModel.swift */; };
		DE2F85272C1838F80046FC79 /* NewItemViewViewModel.swift in Sources */ = {isa = PBXBuildFile; fileRef = DE2F85262C1838F80046FC79 /* NewItemViewViewModel.swift */; };
		DE2F85292C1839310046FC79 /* LoginViewViewModel.swift in Sources */ = {isa = PBXBuildFile; fileRef = DE2F85282C1839310046FC79 /* LoginViewViewModel.swift */; };
		DE2F852B2C18394C0046FC79 /* RegisterViewViewModel.swift in Sources */ = {isa = PBXBuildFile; fileRef = DE2F852A2C18394C0046FC79 /* RegisterViewViewModel.swift */; };
		DE2F852D2C18396B0046FC79 /* ToDoListItemViewViewModel.swift in Sources */ = {isa = PBXBuildFile; fileRef = DE2F852C2C18396B0046FC79 /* ToDoListItemViewViewModel.swift */; };
		DEE116EF2C1840ED00582AC8 /* HeaderView.swift in Sources */ = {isa = PBXBuildFile; fileRef = DEE116EE2C1840ED00582AC8 /* HeaderView.swift */; };
		DEE116F12C18548500582AC8 /* TLButton.swift in Sources */ = {isa = PBXBuildFile; fileRef = DEE116F02C18548500582AC8 /* TLButton.swift */; };
/* End PBXBuildFile section */

/* Begin PBXFileReference section */
		DE2F84F22C1720380046FC79 /* ToDoList.app */ = {isa = PBXFileReference; explicitFileType = wrapper.application; includeInIndex = 0; path = ToDoList.app; sourceTree = BUILT_PRODUCTS_DIR; };
		DE2F84F52C1720380046FC79 /* ToDoListApp.swift */ = {isa = PBXFileReference; lastKnownFileType = sourcecode.swift; path = ToDoListApp.swift; sourceTree = "<group>"; };
		DE2F84F72C1720380046FC79 /* ContentView.swift */ = {isa = PBXFileReference; lastKnownFileType = sourcecode.swift; path = ContentView.swift; sourceTree = "<group>"; };
		DE2F84F92C1720390046FC79 /* Assets.xcassets */ = {isa = PBXFileReference; lastKnownFileType = folder.assetcatalog; path = Assets.xcassets; sourceTree = "<group>"; };
		DE2F84FC2C1720390046FC79 /* Preview Assets.xcassets */ = {isa = PBXFileReference; lastKnownFileType = folder.assetcatalog; path = "Preview Assets.xcassets"; sourceTree = "<group>"; };
		DE2F850D2C173D620046FC79 /* GoogleService-Info.plist */ = {isa = PBXFileReference; fileEncoding = 4; lastKnownFileType = text.plist.xml; path = "GoogleService-Info.plist"; sourceTree = "<group>"; };
		DE2F850F2C1833120046FC79 /* ProfileView.swift */ = {isa = PBXFileReference; lastKnownFileType = sourcecode.swift; path = ProfileView.swift; sourceTree = "<group>"; };
		DE2F85112C1834140046FC79 /* ToDoListItemView.swift */ = {isa = PBXFileReference; lastKnownFileType = sourcecode.swift; path = ToDoListItemView.swift; sourceTree = "<group>"; };
		DE2F85132C18343D0046FC79 /* NewItemView.swift */ = {isa = PBXFileReference; lastKnownFileType = sourcecode.swift; path = NewItemView.swift; sourceTree = "<group>"; };
		DE2F85152C1834530046FC79 /* LoginView.swift */ = {isa = PBXFileReference; lastKnownFileType = sourcecode.swift; path = LoginView.swift; sourceTree = "<group>"; };
		DE2F85172C1834690046FC79 /* RegisterView.swift */ = {isa = PBXFileReference; lastKnownFileType = sourcecode.swift; path = RegisterView.swift; sourceTree = "<group>"; };
		DE2F85192C18373F0046FC79 /* ToDoListView.swift */ = {isa = PBXFileReference; lastKnownFileType = sourcecode.swift; path = ToDoListView.swift; sourceTree = "<group>"; };
		DE2F851C2C18383B0046FC79 /* User.swift */ = {isa = PBXFileReference; lastKnownFileType = sourcecode.swift; path = User.swift; sourceTree = "<group>"; };
		DE2F851E2C1838720046FC79 /* ToDoListItem.swift */ = {isa = PBXFileReference; lastKnownFileType = sourcecode.swift; path = ToDoListItem.swift; sourceTree = "<group>"; };
		DE2F85202C1838A90046FC79 /* ContentViewViewModel.swift */ = {isa = PBXFileReference; lastKnownFileType = sourcecode.swift; path = ContentViewViewModel.swift; sourceTree = "<group>"; };
		DE2F85222C1838BE0046FC79 /* ProfileViewViewModel.swift */ = {isa = PBXFileReference; lastKnownFileType = sourcecode.swift; path = ProfileViewViewModel.swift; sourceTree = "<group>"; };
		DE2F85242C1838DD0046FC79 /* ToDoListViewViewModel.swift */ = {isa = PBXFileReference; lastKnownFileType = sourcecode.swift; path = ToDoListViewViewModel.swift; sourceTree = "<group>"; };
		DE2F85262C1838F80046FC79 /* NewItemViewViewModel.swift */ = {isa = PBXFileReference; lastKnownFileType = sourcecode.swift; path = NewItemViewViewModel.swift; sourceTree = "<group>"; };
		DE2F85282C1839310046FC79 /* LoginViewViewModel.swift */ = {isa = PBXFileReference; lastKnownFileType = sourcecode.swift; path = LoginViewViewModel.swift; sourceTree = "<group>"; };
		DE2F852A2C18394C0046FC79 /* RegisterViewViewModel.swift */ = {isa = PBXFileReference; lastKnownFileType = sourcecode.swift; path = RegisterViewViewModel.swift; sourceTree = "<group>"; };
		DE2F852C2C18396B0046FC79 /* ToDoListItemViewViewModel.swift */ = {isa = PBXFileReference; lastKnownFileType = sourcecode.swift; path = ToDoListItemViewViewModel.swift; sourceTree = "<group>"; };
		DEE116EE2C1840ED00582AC8 /* HeaderView.swift */ = {isa = PBXFileReference; lastKnownFileType = sourcecode.swift; path = HeaderView.swift; sourceTree = "<group>"; };
		DEE116F02C18548500582AC8 /* TLButton.swift */ = {isa = PBXFileReference; lastKnownFileType = sourcecode.swift; path = TLButton.swift; sourceTree = "<group>"; };
/* End PBXFileReference section */

/* Begin PBXFrameworksBuildPhase section */
		DE2F84EF2C1720380046FC79 /* Frameworks */ = {
			isa = PBXFrameworksBuildPhase;
			buildActionMask = 2147483647;
			files = (
				DE2F85082C173A640046FC79 /* FirebaseAuth in Frameworks */,
				DE2F850A2C173A640046FC79 /* FirebaseFirestore in Frameworks */,
				DE2F850C2C173A640046FC79 /* FirebaseFirestoreSwift in Frameworks */,
			);
			runOnlyForDeploymentPostprocessing = 0;
		};
/* End PBXFrameworksBuildPhase section */

/* Begin PBXGroup section */
		DE2F84E92C1720380046FC79 = {
			isa = PBXGroup;
			children = (
				DE2F84F42C1720380046FC79 /* ToDoList */,
				DE2F84F32C1720380046FC79 /* Products */,
			);
			sourceTree = "<group>";
		};
		DE2F84F32C1720380046FC79 /* Products */ = {
			isa = PBXGroup;
			children = (
				DE2F84F22C1720380046FC79 /* ToDoList.app */,
			);
			name = Products;
			sourceTree = "<group>";
		};
		DE2F84F42C1720380046FC79 /* ToDoList */ = {
			isa = PBXGroup;
			children = (
				DE2F85032C1736FF0046FC79 /* Other  */,
				DE2F851B2C1838140046FC79 /* Models */,
				DE2F85052C1737460046FC79 /* ViewModels  */,
				DE2F85042C1737190046FC79 /* Views */,
				DE2F84FB2C1720390046FC79 /* Preview Content */,
			);
			path = ToDoList;
			sourceTree = "<group>";
		};
		DE2F84FB2C1720390046FC79 /* Preview Content */ = {
			isa = PBXGroup;
			children = (
				DE2F84FC2C1720390046FC79 /* Preview Assets.xcassets */,
			);
			path = "Preview Content";
			sourceTree = "<group>";
		};
		DE2F85032C1736FF0046FC79 /* Other  */ = {
			isa = PBXGroup;
			children = (
				DE2F84F92C1720390046FC79 /* Assets.xcassets */,
				DE2F850D2C173D620046FC79 /* GoogleService-Info.plist */,
				DE2F84F52C1720380046FC79 /* ToDoListApp.swift */,
			);
			path = "Other ";
			sourceTree = "<group>";
		};
		DE2F85042C1737190046FC79 /* Views */ = {
			isa = PBXGroup;
			children = (
				DE2F84F72C1720380046FC79 /* ContentView.swift */,
				DE2F850F2C1833120046FC79 /* ProfileView.swift */,
				DE2F85192C18373F0046FC79 /* ToDoListView.swift */,
				DE2F85132C18343D0046FC79 /* NewItemView.swift */,
				DE2F85152C1834530046FC79 /* LoginView.swift */,
				DE2F85172C1834690046FC79 /* RegisterView.swift */,
				DE2F85112C1834140046FC79 /* ToDoListItemView.swift */,
				DEE116EE2C1840ED00582AC8 /* HeaderView.swift */,
				DEE116F02C18548500582AC8 /* TLButton.swift */,
			);
			path = Views;
			sourceTree = "<group>";
		};
		DE2F85052C1737460046FC79 /* ViewModels  */ = {
			isa = PBXGroup;
			children = (
				DE2F85202C1838A90046FC79 /* ContentViewViewModel.swift */,
				DE2F85222C1838BE0046FC79 /* ProfileViewViewModel.swift */,
				DE2F85242C1838DD0046FC79 /* ToDoListViewViewModel.swift */,
				DE2F85262C1838F80046FC79 /* NewItemViewViewModel.swift */,
				DE2F85282C1839310046FC79 /* LoginViewViewModel.swift */,
				DE2F852A2C18394C0046FC79 /* RegisterViewViewModel.swift */,
				DE2F852C2C18396B0046FC79 /* ToDoListItemViewViewModel.swift */,
			);
			path = "ViewModels ";
			sourceTree = "<group>";
		};
		DE2F851B2C1838140046FC79 /* Models */ = {
			isa = PBXGroup;
			children = (
				DE2F851C2C18383B0046FC79 /* User.swift */,
				DE2F851E2C1838720046FC79 /* ToDoListItem.swift */,
			);
			path = Models;
			sourceTree = "<group>";
		};
/* End PBXGroup section */

/* Begin PBXNativeTarget section */
		DE2F84F12C1720380046FC79 /* ToDoList */ = {
			isa = PBXNativeTarget;
			buildConfigurationList = DE2F85002C1720390046FC79 /* Build configuration list for PBXNativeTarget "ToDoList" */;
			buildPhases = (
				DE2F84EE2C1720380046FC79 /* Sources */,
				DE2F84EF2C1720380046FC79 /* Frameworks */,
				DE2F84F02C1720380046FC79 /* Resources */,
			);
			buildRules = (
			);
			dependencies = (
			);
			name = ToDoList;
			packageProductDependencies = (
				DE2F85072C173A640046FC79 /* FirebaseAuth */,
				DE2F85092C173A640046FC79 /* FirebaseFirestore */,
				DE2F850B2C173A640046FC79 /* FirebaseFirestoreSwift */,
			);
			productName = ToDoList;
			productReference = DE2F84F22C1720380046FC79 /* ToDoList.app */;
			productType = "com.apple.product-type.application";
		};
/* End PBXNativeTarget section */

/* Begin PBXProject section */
		DE2F84EA2C1720380046FC79 /* Project object */ = {
			isa = PBXProject;
			attributes = {
				BuildIndependentTargetsInParallel = 1;
				LastSwiftUpdateCheck = 1540;
				LastUpgradeCheck = 1540;
				TargetAttributes = {
					DE2F84F12C1720380046FC79 = {
						CreatedOnToolsVersion = 15.4;
					};
				};
			};
			buildConfigurationList = DE2F84ED2C1720380046FC79 /* Build configuration list for PBXProject "ToDoList" */;
			compatibilityVersion = "Xcode 14.0";
			developmentRegion = en;
			hasScannedForEncodings = 0;
			knownRegions = (
				en,
				Base,
			);
			mainGroup = DE2F84E92C1720380046FC79;
			packageReferences = (
				DE2F85062C173A640046FC79 /* XCRemoteSwiftPackageReference "firebase-ios-sdk" */,
			);
			productRefGroup = DE2F84F32C1720380046FC79 /* Products */;
			projectDirPath = "";
			projectRoot = "";
			targets = (
				DE2F84F12C1720380046FC79 /* ToDoList */,
			);
		};
/* End PBXProject section */

/* Begin PBXResourcesBuildPhase section */
		DE2F84F02C1720380046FC79 /* Resources */ = {
			isa = PBXResourcesBuildPhase;
			buildActionMask = 2147483647;
			files = (
				DE2F84FD2C1720390046FC79 /* Preview Assets.xcassets in Resources */,
				DE2F84FA2C1720390046FC79 /* Assets.xcassets in Resources */,
				DE2F850E2C173D620046FC79 /* GoogleService-Info.plist in Resources */,
			);
			runOnlyForDeploymentPostprocessing = 0;
		};
/* End PBXResourcesBuildPhase section */

/* Begin PBXSourcesBuildPhase section */
		DE2F84EE2C1720380046FC79 /* Sources */ = {
			isa = PBXSourcesBuildPhase;
			buildActionMask = 2147483647;
			files = (
				DE2F85162C1834530046FC79 /* LoginView.swift in Sources */,
				DEE116EF2C1840ED00582AC8 /* HeaderView.swift in Sources */,
				DE2F85212C1838A90046FC79 /* ContentViewViewModel.swift in Sources */,
				DE2F852B2C18394C0046FC79 /* RegisterViewViewModel.swift in Sources */,
				DE2F851A2C18373F0046FC79 /* ToDoListView.swift in Sources */,
				DE2F84F82C1720380046FC79 /* ContentView.swift in Sources */,
				DE2F85122C1834140046FC79 /* ToDoListItemView.swift in Sources */,
				DEE116F12C18548500582AC8 /* TLButton.swift in Sources */,
				DE2F85232C1838BE0046FC79 /* ProfileViewViewModel.swift in Sources */,
				DE2F85182C1834690046FC79 /* RegisterView.swift in Sources */,
				DE2F851D2C18383B0046FC79 /* User.swift in Sources */,
				DE2F85102C1833120046FC79 /* ProfileView.swift in Sources */,
				DE2F85252C1838DD0046FC79 /* ToDoListViewViewModel.swift in Sources */,
				DE2F85292C1839310046FC79 /* LoginViewViewModel.swift in Sources */,
				DE2F84F62C1720380046FC79 /* ToDoListApp.swift in Sources */,
				DE2F851F2C1838720046FC79 /* ToDoListItem.swift in Sources */,
				DE2F85142C18343D0046FC79 /* NewItemView.swift in Sources */,
				DE2F85272C1838F80046FC79 /* NewItemViewViewModel.swift in Sources */,
				DE2F852D2C18396B0046FC79 /* ToDoListItemViewViewModel.swift in Sources */,
			);
			runOnlyForDeploymentPostprocessing = 0;
		};
/* End PBXSourcesBuildPhase section */

/* Begin XCBuildConfiguration section */
		DE2F84FE2C1720390046FC79 /* Debug */ = {
			isa = XCBuildConfiguration;
			buildSettings = {
				ALWAYS_SEARCH_USER_PATHS = NO;
				ASSETCATALOG_COMPILER_GENERATE_SWIFT_ASSET_SYMBOL_EXTENSIONS = YES;
				CLANG_ANALYZER_NONNULL = YES;
				CLANG_ANALYZER_NUMBER_OBJECT_CONVERSION = YES_AGGRESSIVE;
				CLANG_CXX_LANGUAGE_STANDARD = "gnu++20";
				CLANG_ENABLE_MODULES = YES;
				CLANG_ENABLE_OBJC_ARC = YES;
				CLANG_ENABLE_OBJC_WEAK = YES;
				CLANG_WARN_BLOCK_CAPTURE_AUTORELEASING = YES;
				CLANG_WARN_BOOL_CONVERSION = YES;
				CLANG_WARN_COMMA = YES;
				CLANG_WARN_CONSTANT_CONVERSION = YES;
				CLANG_WARN_DEPRECATED_OBJC_IMPLEMENTATIONS = YES;
				CLANG_WARN_DIRECT_OBJC_ISA_USAGE = YES_ERROR;
				CLANG_WARN_DOCUMENTATION_COMMENTS = YES;
				CLANG_WARN_EMPTY_BODY = YES;
				CLANG_WARN_ENUM_CONVERSION = YES;
				CLANG_WARN_INFINITE_RECURSION = YES;
				CLANG_WARN_INT_CONVERSION = YES;
				CLANG_WARN_NON_LITERAL_NULL_CONVERSION = YES;
				CLANG_WARN_OBJC_IMPLICIT_RETAIN_SELF = YES;
				CLANG_WARN_OBJC_LITERAL_CONVERSION = YES;
				CLANG_WARN_OBJC_ROOT_CLASS = YES_ERROR;
				CLANG_WARN_QUOTED_INCLUDE_IN_FRAMEWORK_HEADER = YES;
				CLANG_WARN_RANGE_LOOP_ANALYSIS = YES;
				CLANG_WARN_STRICT_PROTOTYPES = YES;
				CLANG_WARN_SUSPICIOUS_MOVE = YES;
				CLANG_WARN_UNGUARDED_AVAILABILITY = YES_AGGRESSIVE;
				CLANG_WARN_UNREACHABLE_CODE = YES;
				CLANG_WARN__DUPLICATE_METHOD_MATCH = YES;
				COPY_PHASE_STRIP = NO;
				DEBUG_INFORMATION_FORMAT = dwarf;
				ENABLE_STRICT_OBJC_MSGSEND = YES;
				ENABLE_TESTABILITY = YES;
				ENABLE_USER_SCRIPT_SANDBOXING = YES;
				GCC_C_LANGUAGE_STANDARD = gnu17;
				GCC_DYNAMIC_NO_PIC = NO;
				GCC_NO_COMMON_BLOCKS = YES;
				GCC_OPTIMIZATION_LEVEL = 0;
				GCC_PREPROCESSOR_DEFINITIONS = (
					"DEBUG=1",
					"$(inherited)",
				);
				GCC_WARN_64_TO_32_BIT_CONVERSION = YES;
				GCC_WARN_ABOUT_RETURN_TYPE = YES_ERROR;
				GCC_WARN_UNDECLARED_SELECTOR = YES;
				GCC_WARN_UNINITIALIZED_AUTOS = YES_AGGRESSIVE;
				GCC_WARN_UNUSED_FUNCTION = YES;
				GCC_WARN_UNUSED_VARIABLE = YES;
				IPHONEOS_DEPLOYMENT_TARGET = 17.5;
				LOCALIZATION_PREFERS_STRING_CATALOGS = YES;
				MTL_ENABLE_DEBUG_INFO = INCLUDE_SOURCE;
				MTL_FAST_MATH = YES;
				ONLY_ACTIVE_ARCH = YES;
				SDKROOT = iphoneos;
				SWIFT_ACTIVE_COMPILATION_CONDITIONS = "DEBUG $(inherited)";
				SWIFT_OPTIMIZATION_LEVEL = "-Onone";
			};
			name = Debug;
		};
		DE2F84FF2C1720390046FC79 /* Release */ = {
			isa = XCBuildConfiguration;
			buildSettings = {
				ALWAYS_SEARCH_USER_PATHS = NO;
				ASSETCATALOG_COMPILER_GENERATE_SWIFT_ASSET_SYMBOL_EXTENSIONS = YES;
				CLANG_ANALYZER_NONNULL = YES;
				CLANG_ANALYZER_NUMBER_OBJECT_CONVERSION = YES_AGGRESSIVE;
				CLANG_CXX_LANGUAGE_STANDARD = "gnu++20";
				CLANG_ENABLE_MODULES = YES;
				CLANG_ENABLE_OBJC_ARC = YES;
				CLANG_ENABLE_OBJC_WEAK = YES;
				CLANG_WARN_BLOCK_CAPTURE_AUTORELEASING = YES;
				CLANG_WARN_BOOL_CONVERSION = YES;
				CLANG_WARN_COMMA = YES;
				CLANG_WARN_CONSTANT_CONVERSION = YES;
				CLANG_WARN_DEPRECATED_OBJC_IMPLEMENTATIONS = YES;
				CLANG_WARN_DIRECT_OBJC_ISA_USAGE = YES_ERROR;
				CLANG_WARN_DOCUMENTATION_COMMENTS = YES;
				CLANG_WARN_EMPTY_BODY = YES;
				CLANG_WARN_ENUM_CONVERSION = YES;
				CLANG_WARN_INFINITE_RECURSION = YES;
				CLANG_WARN_INT_CONVERSION = YES;
				CLANG_WARN_NON_LITERAL_NULL_CONVERSION = YES;
				CLANG_WARN_OBJC_IMPLICIT_RETAIN_SELF = YES;
				CLANG_WARN_OBJC_LITERAL_CONVERSION = YES;
				CLANG_WARN_OBJC_ROOT_CLASS = YES_ERROR;
				CLANG_WARN_QUOTED_INCLUDE_IN_FRAMEWORK_HEADER = YES;
				CLANG_WARN_RANGE_LOOP_ANALYSIS = YES;
				CLANG_WARN_STRICT_PROTOTYPES = YES;
				CLANG_WARN_SUSPICIOUS_MOVE = YES;
				CLANG_WARN_UNGUARDED_AVAILABILITY = YES_AGGRESSIVE;
				CLANG_WARN_UNREACHABLE_CODE = YES;
				CLANG_WARN__DUPLICATE_METHOD_MATCH = YES;
				COPY_PHASE_STRIP = NO;
				DEBUG_INFORMATION_FORMAT = "dwarf-with-dsym";
				ENABLE_NS_ASSERTIONS = NO;
				ENABLE_STRICT_OBJC_MSGSEND = YES;
				ENABLE_USER_SCRIPT_SANDBOXING = YES;
				GCC_C_LANGUAGE_STANDARD = gnu17;
				GCC_NO_COMMON_BLOCKS = YES;
				GCC_WARN_64_TO_32_BIT_CONVERSION = YES;
				GCC_WARN_ABOUT_RETURN_TYPE = YES_ERROR;
				GCC_WARN_UNDECLARED_SELECTOR = YES;
				GCC_WARN_UNINITIALIZED_AUTOS = YES_AGGRESSIVE;
				GCC_WARN_UNUSED_FUNCTION = YES;
				GCC_WARN_UNUSED_VARIABLE = YES;
				IPHONEOS_DEPLOYMENT_TARGET = 17.5;
				LOCALIZATION_PREFERS_STRING_CATALOGS = YES;
				MTL_ENABLE_DEBUG_INFO = NO;
				MTL_FAST_MATH = YES;
				SDKROOT = iphoneos;
				SWIFT_COMPILATION_MODE = wholemodule;
				VALIDATE_PRODUCT = YES;
			};
			name = Release;
		};
		DE2F85012C1720390046FC79 /* Debug */ = {
			isa = XCBuildConfiguration;
			buildSettings = {
				ASSETCATALOG_COMPILER_APPICON_NAME = AppIcon;
				ASSETCATALOG_COMPILER_GLOBAL_ACCENT_COLOR_NAME = AccentColor;
				CODE_SIGN_STYLE = Automatic;
				CURRENT_PROJECT_VERSION = 1;
				DEVELOPMENT_ASSET_PATHS = "\"ToDoList/Preview Content\"";
				DEVELOPMENT_TEAM = XS433KVPHQ;
				ENABLE_PREVIEWS = YES;
				GENERATE_INFOPLIST_FILE = YES;
				INFOPLIST_KEY_CFBundleDisplayName = "To Do List";
				INFOPLIST_KEY_UIApplicationSceneManifest_Generation = YES;
				INFOPLIST_KEY_UIApplicationSupportsIndirectInputEvents = YES;
				INFOPLIST_KEY_UILaunchScreen_Generation = YES;
				INFOPLIST_KEY_UISupportedInterfaceOrientations = UIInterfaceOrientationPortrait;
				LD_RUNPATH_SEARCH_PATHS = (
					"$(inherited)",
					"@executable_path/Frameworks",
				);
				MARKETING_VERSION = 1.0;
				PRODUCT_BUNDLE_IDENTIFIER = com.ygauthier.ToDoList;
				PRODUCT_NAME = "$(TARGET_NAME)";
				SWIFT_EMIT_LOC_STRINGS = YES;
				SWIFT_VERSION = 5.0;
				TARGETED_DEVICE_FAMILY = "1,2";
			};
			name = Debug;
		};
		DE2F85022C1720390046FC79 /* Release */ = {
			isa = XCBuildConfiguration;
			buildSettings = {
				ASSETCATALOG_COMPILER_APPICON_NAME = AppIcon;
				ASSETCATALOG_COMPILER_GLOBAL_ACCENT_COLOR_NAME = AccentColor;
				CODE_SIGN_STYLE = Automatic;
				CURRENT_PROJECT_VERSION = 1;
				DEVELOPMENT_ASSET_PATHS = "\"ToDoList/Preview Content\"";
				DEVELOPMENT_TEAM = XS433KVPHQ;
				ENABLE_PREVIEWS = YES;
				GENERATE_INFOPLIST_FILE = YES;
				INFOPLIST_KEY_CFBundleDisplayName = "To Do List";
				INFOPLIST_KEY_UIApplicationSceneManifest_Generation = YES;
				INFOPLIST_KEY_UIApplicationSupportsIndirectInputEvents = YES;
				INFOPLIST_KEY_UILaunchScreen_Generation = YES;
				INFOPLIST_KEY_UISupportedInterfaceOrientations = UIInterfaceOrientationPortrait;
				LD_RUNPATH_SEARCH_PATHS = (
					"$(inherited)",
					"@executable_path/Frameworks",
				);
				MARKETING_VERSION = 1.0;
				PRODUCT_BUNDLE_IDENTIFIER = com.ygauthier.ToDoList;
				PRODUCT_NAME = "$(TARGET_NAME)";
				SWIFT_EMIT_LOC_STRINGS = YES;
				SWIFT_VERSION = 5.0;
				TARGETED_DEVICE_FAMILY = "1,2";
			};
			name = Release;
		};
/* End XCBuildConfiguration section */

/* Begin XCConfigurationList section */
		DE2F84ED2C1720380046FC79 /* Build configuration list for PBXProject "ToDoList" */ = {
			isa = XCConfigurationList;
			buildConfigurations = (
				DE2F84FE2C1720390046FC79 /* Debug */,
				DE2F84FF2C1720390046FC79 /* Release */,
			);
			defaultConfigurationIsVisible = 0;
			defaultConfigurationName = Release;
		};
		DE2F85002C1720390046FC79 /* Build configuration list for PBXNativeTarget "ToDoList" */ = {
			isa = XCConfigurationList;
			buildConfigurations = (
				DE2F85012C1720390046FC79 /* Debug */,
				DE2F85022C1720390046FC79 /* Release */,
			);
			defaultConfigurationIsVisible = 0;
			defaultConfigurationName = Release;
		};
/* End XCConfigurationList section */

/* Begin XCRemoteSwiftPackageReference section */
		DE2F85062C173A640046FC79 /* XCRemoteSwiftPackageReference "firebase-ios-sdk" */ = {
			isa = XCRemoteSwiftPackageReference;
			repositoryURL = "https://github.com/firebase/firebase-ios-sdk";
			requirement = {
				kind = upToNextMajorVersion;
				minimumVersion = 10.27.0;
			};
		};
/* End XCRemoteSwiftPackageReference section */

/* Begin XCSwiftPackageProductDependency section */
		DE2F85072C173A640046FC79 /* FirebaseAuth */ = {
			isa = XCSwiftPackageProductDependency;
			package = DE2F85062C173A640046FC79 /* XCRemoteSwiftPackageReference "firebase-ios-sdk" */;
			productName = FirebaseAuth;
		};
		DE2F85092C173A640046FC79 /* FirebaseFirestore */ = {
			isa = XCSwiftPackageProductDependency;
			package = DE2F85062C173A640046FC79 /* XCRemoteSwiftPackageReference "firebase-ios-sdk" */;
			productName = FirebaseFirestore;
		};
		DE2F850B2C173A640046FC79 /* FirebaseFirestoreSwift */ = {
			isa = XCSwiftPackageProductDependency;
			package = DE2F85062C173A640046FC79 /* XCRemoteSwiftPackageReference "firebase-ios-sdk" */;
			productName = FirebaseFirestoreSwift;
		};
/* End XCSwiftPackageProductDependency section */
	};
	rootObject = DE2F84EA2C1720380046FC79 /* Project object */;
}
